
Microsoft Visual Studio Solution File, Format Version 12.00
# Visual Studio Version 17
VisualStudioVersion = 17.2.32616.157
MinimumVisualStudioVersion = 10.0.40219.1
Project("{9A19103F-16F7-4668-BE54-9A1E7A4F7556}") = "AuthServer", "WebApplication1\AuthServer.csproj", "{6C805470-70A7-4EAF-837D-F9F338162FFF}"
EndProject
Global
	GlobalSection(SolutionConfigurationPlatforms) = preSolution
		Debug|Any CPU = Debug|Any CPU
		Release|Any CPU = Release|Any CPU
	EndGlobalSection
	GlobalSection(ProjectConfigurationPlatforms) = postSolution
		{6C805470-70A7-4EAF-837D-F9F338162FFF}.Debug|Any CPU.ActiveCfg = Debug|Any CPU
		{6C805470-70A7-4EAF-837D-F9F338162FFF}.Debug|Any CPU.Build.0 = Debug|Any CPU
		{6C805470-70A7-4EAF-837D-F9F338162FFF}.Release|Any CPU.ActiveCfg = Release|Any CPU
		{6C805470-70A7-4EAF-837D-F9F338162FFF}.Release|Any CPU.Build.0 = Release|Any CPU
	EndGlobalSection
	GlobalSection(SolutionProperties) = preSolution
		HideSolutionNode = FALSE
	EndGlobalSection
	GlobalSection(ExtensibilityGlobals) = postSolution
		SolutionGuid = {0CCBC64F-A575-4E07-BA6E-85303C8F37B8}
	EndGlobalSection
EndGlobal
